
Microsoft Visual Studio Solution File, Format Version 12.00
Project("{FAE04EC0-301F-11D3-BF4B-00C04F79EFBC}") = "RestSharpStress.Server", "RestSharpStress.Server\RestSharpStress.Server.csproj", "{76C5BD52-1F35-47F5-9A0A-5A8A8FEFDCED}"
EndProject
Project("{FAE04EC0-301F-11D3-BF4B-00C04F79EFBC}") = "RestSharpStress.Client1", "RestSharpStress.Client1\RestSharpStress.Client1.csproj", "{51E8F3B0-1E23-4553-BB5A-BC372A00F452}"
EndProject
Global
	GlobalSection(SolutionConfigurationPlatforms) = preSolution
		Debug|Any CPU = Debug|Any CPU
		Release|Any CPU = Release|Any CPU
	EndGlobalSection
	GlobalSection(ProjectConfigurationPlatforms) = postSolution
		{76C5BD52-1F35-47F5-9A0A-5A8A8FEFDCED}.Debug|Any CPU.ActiveCfg = Debug|Any CPU
		{76C5BD52-1F35-47F5-9A0A-5A8A8FEFDCED}.Debug|Any CPU.Build.0 = Debug|Any CPU
		{76C5BD52-1F35-47F5-9A0A-5A8A8FEFDCED}.Release|Any CPU.ActiveCfg = Release|Any CPU
		{76C5BD52-1F35-47F5-9A0A-5A8A8FEFDCED}.Release|Any CPU.Build.0 = Release|Any CPU
		{51E8F3B0-1E23-4553-BB5A-BC372A00F452}.Debug|Any CPU.ActiveCfg = Debug|Any CPU
		{51E8F3B0-1E23-4553-BB5A-BC372A00F452}.Debug|Any CPU.Build.0 = Debug|Any CPU
		{51E8F3B0-1E23-4553-BB5A-BC372A00F452}.Release|Any CPU.ActiveCfg = Release|Any CPU
		{51E8F3B0-1E23-4553-BB5A-BC372A00F452}.Release|Any CPU.Build.0 = Release|Any CPU
	EndGlobalSection
EndGlobal
